
Microsoft Visual Studio Solution File, Format Version 12.00
# Visual Studio 14
VisualStudioVersion = 14.0.25420.1
MinimumVisualStudioVersion = 10.0.40219.1
Project("{2150E333-8FDC-42A3-9474-1A3956D46DE8}") = "BidCube.API", "BidCube.API", "{BA6812AE-E715-413C-94B3-A11FAB2C8E3C}"
EndProject
Project("{2150E333-8FDC-42A3-9474-1A3956D46DE8}") = "BidCube.DAL", "BidCube.DAL", "{137E0DE0-1F61-4F63-8E7C-415E2A1153DF}"
EndProject
Project("{FAE04EC0-301F-11D3-BF4B-00C04F79EFBC}") = "BidCube.DataService", "Bid Cube\BidCube.DataService\BidCube.DataService.csproj", "{EC0D67A5-822F-4E9E-B401-52B07039E628}"
EndProject
Project("{FAE04EC0-301F-11D3-BF4B-00C04F79EFBC}") = "BidCube.Entities", "Bid Cube\BidCube.Entities\BidCube.Entities.csproj", "{68E4BBB1-124F-4BA5-A4FA-A712CA1936D0}"
EndProject
Project("{2150E333-8FDC-42A3-9474-1A3956D46DE8}") = "BidCube.Service", "BidCube.Service", "{91885E31-B788-4674-8341-27BF53EC505F}"
EndProject
Project("{FAE04EC0-301F-11D3-BF4B-00C04F79EFBC}") = "BidCube.Models", "Bid Cube\BidCube.Models\BidCube.Models.csproj", "{598E4316-D236-4F47-B10D-F447695FEB35}"
EndProject
Project("{FAE04EC0-301F-11D3-BF4B-00C04F79EFBC}") = "BidCube.Service", "Bid Cube\BidCube.Service\BidCube.Service.csproj", "{60BFDC27-396D-4505-BBF6-086E25A6F446}"
EndProject
Project("{FAE04EC0-301F-11D3-BF4B-00C04F79EFBC}") = "BidCube.API", "Bid Cube\BidCube.API\BidCube.API.csproj", "{23557A37-07DA-4DD5-980F-0611ADD855F8}"
EndProject
Global
	GlobalSection(SolutionConfigurationPlatforms) = preSolution
		Debug|Any CPU = Debug|Any CPU
		Release|Any CPU = Release|Any CPU
	EndGlobalSection
	GlobalSection(ProjectConfigurationPlatforms) = postSolution
		{EC0D67A5-822F-4E9E-B401-52B07039E628}.Debug|Any CPU.ActiveCfg = Debug|Any CPU
		{EC0D67A5-822F-4E9E-B401-52B07039E628}.Debug|Any CPU.Build.0 = Debug|Any CPU
		{EC0D67A5-822F-4E9E-B401-52B07039E628}.Release|Any CPU.ActiveCfg = Release|Any CPU
		{EC0D67A5-822F-4E9E-B401-52B07039E628}.Release|Any CPU.Build.0 = Release|Any CPU
		{68E4BBB1-124F-4BA5-A4FA-A712CA1936D0}.Debug|Any CPU.ActiveCfg = Debug|Any CPU
		{68E4BBB1-124F-4BA5-A4FA-A712CA1936D0}.Debug|Any CPU.Build.0 = Debug|Any CPU
		{68E4BBB1-124F-4BA5-A4FA-A712CA1936D0}.Release|Any CPU.ActiveCfg = Release|Any CPU
		{68E4BBB1-124F-4BA5-A4FA-A712CA1936D0}.Release|Any CPU.Build.0 = Release|Any CPU
		{598E4316-D236-4F47-B10D-F447695FEB35}.Debug|Any CPU.ActiveCfg = Debug|Any CPU
		{598E4316-D236-4F47-B10D-F447695FEB35}.Debug|Any CPU.Build.0 = Debug|Any CPU
		{598E4316-D236-4F47-B10D-F447695FEB35}.Release|Any CPU.ActiveCfg = Release|Any CPU
		{598E4316-D236-4F47-B10D-F447695FEB35}.Release|Any CPU.Build.0 = Release|Any CPU
		{60BFDC27-396D-4505-BBF6-086E25A6F446}.Debug|Any CPU.ActiveCfg = Debug|Any CPU
		{60BFDC27-396D-4505-BBF6-086E25A6F446}.Debug|Any CPU.Build.0 = Debug|Any CPU
		{60BFDC27-396D-4505-BBF6-086E25A6F446}.Release|Any CPU.ActiveCfg = Release|Any CPU
		{60BFDC27-396D-4505-BBF6-086E25A6F446}.Release|Any CPU.Build.0 = Release|Any CPU
		{23557A37-07DA-4DD5-980F-0611ADD855F8}.Debug|Any CPU.ActiveCfg = Debug|Any CPU
		{23557A37-07DA-4DD5-980F-0611ADD855F8}.Debug|Any CPU.Build.0 = Debug|Any CPU
		{23557A37-07DA-4DD5-980F-0611ADD855F8}.Release|Any CPU.ActiveCfg = Release|Any CPU
		{23557A37-07DA-4DD5-980F-0611ADD855F8}.Release|Any CPU.Build.0 = Release|Any CPU
	EndGlobalSection
	GlobalSection(SolutionProperties) = preSolution
		HideSolutionNode = FALSE
	EndGlobalSection
	GlobalSection(NestedProjects) = preSolution
		{EC0D67A5-822F-4E9E-B401-52B07039E628} = {137E0DE0-1F61-4F63-8E7C-415E2A1153DF}
		{68E4BBB1-124F-4BA5-A4FA-A712CA1936D0} = {137E0DE0-1F61-4F63-8E7C-415E2A1153DF}
		{598E4316-D236-4F47-B10D-F447695FEB35} = {91885E31-B788-4674-8341-27BF53EC505F}
		{60BFDC27-396D-4505-BBF6-086E25A6F446} = {91885E31-B788-4674-8341-27BF53EC505F}
		{23557A37-07DA-4DD5-980F-0611ADD855F8} = {BA6812AE-E715-413C-94B3-A11FAB2C8E3C}
	EndGlobalSection
EndGlobal
